
Microsoft Visual Studio Solution File, Format Version 12.00
Project("{FAE04EC0-301F-11D3-BF4B-00C04F79EFBC}") = "ArraysTest", "ArraysTest\ArraysTest.csproj", "{E9862FC1-7FE4-4381-B60D-BE88D28209A7}"
EndProject
Global
	GlobalSection(SolutionConfigurationPlatforms) = preSolution
		Debug|Any CPU = Debug|Any CPU
		Release|Any CPU = Release|Any CPU
	EndGlobalSection
	GlobalSection(ProjectConfigurationPlatforms) = postSolution
		{E9862FC1-7FE4-4381-B60D-BE88D28209A7}.Debug|Any CPU.ActiveCfg = Debug|Any CPU
		{E9862FC1-7FE4-4381-B60D-BE88D28209A7}.Debug|Any CPU.Build.0 = Debug|Any CPU
		{E9862FC1-7FE4-4381-B60D-BE88D28209A7}.Release|Any CPU.ActiveCfg = Release|Any CPU
		{E9862FC1-7FE4-4381-B60D-BE88D28209A7}.Release|Any CPU.Build.0 = Release|Any CPU
	EndGlobalSection
EndGlobal
